Microsoft Visual Studio Solution File, Format Version 12.00
# Visual Studio Version 16
VisualStudioVersion = 16.0.30114.105
MinimumVisualStudioVersion = 10.0.40219.1
Project("{F2A71F9B-5D33-465A-A702-920D77279786}") = "MyLibrary", "MyLibrary\MyLibrary.fsproj", "{1A36F4E4-7502-42D4-AAD6-D3836E4968D5}"
EndProject
Project("{F2A71F9B-5D33-465A-A702-920D77279786}") = "MyNumber", "MyNumber\MyNumber.fsproj", "{4D7081FC-F4E8-405C-A795-34C7044C4A45}"
EndProject
Project("{F2A71F9B-5D33-465A-A702-920D77279786}") = "ConsoleApp", "ConsoleApp\ConsoleApp.fsproj", "{73BBDDC3-4183-482E-9FD1-0A571FB7A83E}"
EndProject
Global
	GlobalSection(SolutionConfigurationPlatforms) = preSolution
		Debug|Any CPU = Debug|Any CPU
		Release|Any CPU = Release|Any CPU
	EndGlobalSection
	GlobalSection(SolutionProperties) = preSolution
		HideSolutionNode = FALSE
	EndGlobalSection
	GlobalSection(ProjectConfigurationPlatforms) = postSolution
		{47036869-CBFD-45DD-9EAC-C50AC52A99DF}.Debug|Any CPU.ActiveCfg = Debug|Any CPU
		{47036869-CBFD-45DD-9EAC-C50AC52A99DF}.Debug|Any CPU.Build.0 = Debug|Any CPU
		{47036869-CBFD-45DD-9EAC-C50AC52A99DF}.Release|Any CPU.ActiveCfg = Release|Any CPU
		{47036869-CBFD-45DD-9EAC-C50AC52A99DF}.Release|Any CPU.Build.0 = Release|Any CPU
		{9CBFDA64-438E-4E88-A14C-2C70E7A11238}.Debug|Any CPU.ActiveCfg = Debug|Any CPU
		{9CBFDA64-438E-4E88-A14C-2C70E7A11238}.Debug|Any CPU.Build.0 = Debug|Any CPU
		{9CBFDA64-438E-4E88-A14C-2C70E7A11238}.Release|Any CPU.ActiveCfg = Release|Any CPU
		{9CBFDA64-438E-4E88-A14C-2C70E7A11238}.Release|Any CPU.Build.0 = Release|Any CPU
		{1A36F4E4-7502-42D4-AAD6-D3836E4968D5}.Debug|Any CPU.ActiveCfg = Debug|Any CPU
		{1A36F4E4-7502-42D4-AAD6-D3836E4968D5}.Debug|Any CPU.Build.0 = Debug|Any CPU
		{1A36F4E4-7502-42D4-AAD6-D3836E4968D5}.Release|Any CPU.ActiveCfg = Release|Any CPU
		{1A36F4E4-7502-42D4-AAD6-D3836E4968D5}.Release|Any CPU.Build.0 = Release|Any CPU
		{4D7081FC-F4E8-405C-A795-34C7044C4A45}.Debug|Any CPU.ActiveCfg = Debug|Any CPU
		{4D7081FC-F4E8-405C-A795-34C7044C4A45}.Debug|Any CPU.Build.0 = Debug|Any CPU
		{4D7081FC-F4E8-405C-A795-34C7044C4A45}.Release|Any CPU.ActiveCfg = Release|Any CPU
		{4D7081FC-F4E8-405C-A795-34C7044C4A45}.Release|Any CPU.Build.0 = Release|Any CPU
		{73BBDDC3-4183-482E-9FD1-0A571FB7A83E}.Debug|Any CPU.ActiveCfg = Debug|Any CPU
		{73BBDDC3-4183-482E-9FD1-0A571FB7A83E}.Debug|Any CPU.Build.0 = Debug|Any CPU
		{73BBDDC3-4183-482E-9FD1-0A571FB7A83E}.Release|Any CPU.ActiveCfg = Release|Any CPU
		{73BBDDC3-4183-482E-9FD1-0A571FB7A83E}.Release|Any CPU.Build.0 = Release|Any CPU
	EndGlobalSection
EndGlobal
