
Microsoft Visual Studio Solution File, Format Version 12.00
# Visual Studio Version 16
VisualStudioVersion = 25.0.1700.7
MinimumVisualStudioVersion = 10.0.40219.1
Project("{F2A71F9B-5D33-465A-A702-920D77279786}") = "UserAPI", "UserAPI\UserAPI.fsproj", "{E29EEAB6-767B-4F39-9A54-6F341BF54F4F}"
EndProject
Global
	GlobalSection(SolutionConfigurationPlatforms) = preSolution
		Debug|Any CPU = Debug|Any CPU
		Release|Any CPU = Release|Any CPU
	EndGlobalSection
	GlobalSection(ProjectConfigurationPlatforms) = postSolution
		{E29EEAB6-767B-4F39-9A54-6F341BF54F4F}.Debug|Any CPU.ActiveCfg = Debug|Any CPU
		{E29EEAB6-767B-4F39-9A54-6F341BF54F4F}.Debug|Any CPU.Build.0 = Debug|Any CPU
		{E29EEAB6-767B-4F39-9A54-6F341BF54F4F}.Release|Any CPU.ActiveCfg = Release|Any CPU
		{E29EEAB6-767B-4F39-9A54-6F341BF54F4F}.Release|Any CPU.Build.0 = Release|Any CPU
	EndGlobalSection
	GlobalSection(SolutionProperties) = preSolution
		HideSolutionNode = FALSE
	EndGlobalSection
	GlobalSection(ExtensibilityGlobals) = postSolution
		SolutionGuid = {0EC3076D-8A42-4893-82B4-BB0E63FCEFB2}
	EndGlobalSection
EndGlobal
